
Microsoft Visual Studio Solution File, Format Version 12.00
# Visual Studio 15
VisualStudioVersion = 15.0.26730.16
MinimumVisualStudioVersion = 10.0.40219.1
Project("{FAE04EC0-301F-11D3-BF4B-00C04F79EFBC}") = "Ducks", "Ducks\Ducks.csproj", "{14FA00F8-B3D1-44D5-9F0E-0B453AAD9812}"
EndProject
Project("{FAE04EC0-301F-11D3-BF4B-00C04F79EFBC}") = "DucksTest", "DukcsTest\DucksTest.csproj", "{12ADCBEF-BBCF-449F-A525-C6C52540E55F}"
EndProject
Global
	GlobalSection(SolutionConfigurationPlatforms) = preSolution
		Debug|Any CPU = Debug|Any CPU
		Release|Any CPU = Release|Any CPU
	EndGlobalSection
	GlobalSection(ProjectConfigurationPlatforms) = postSolution
		{14FA00F8-B3D1-44D5-9F0E-0B453AAD9812}.Debug|Any CPU.ActiveCfg = Debug|Any CPU
		{14FA00F8-B3D1-44D5-9F0E-0B453AAD9812}.Debug|Any CPU.Build.0 = Debug|Any CPU
		{14FA00F8-B3D1-44D5-9F0E-0B453AAD9812}.Release|Any CPU.ActiveCfg = Release|Any CPU
		{14FA00F8-B3D1-44D5-9F0E-0B453AAD9812}.Release|Any CPU.Build.0 = Release|Any CPU
		{12ADCBEF-BBCF-449F-A525-C6C52540E55F}.Debug|Any CPU.ActiveCfg = Debug|Any CPU
		{12ADCBEF-BBCF-449F-A525-C6C52540E55F}.Debug|Any CPU.Build.0 = Debug|Any CPU
		{12ADCBEF-BBCF-449F-A525-C6C52540E55F}.Release|Any CPU.ActiveCfg = Release|Any CPU
		{12ADCBEF-BBCF-449F-A525-C6C52540E55F}.Release|Any CPU.Build.0 = Release|Any CPU
	EndGlobalSection
	GlobalSection(SolutionProperties) = preSolution
		HideSolutionNode = FALSE
	EndGlobalSection
	GlobalSection(ExtensibilityGlobals) = postSolution
		SolutionGuid = {F8083B32-416B-4C90-83E9-8F159D8B7918}
	EndGlobalSection
EndGlobal
